// !$*UTF8*$!
{
	archiveVersion = 1;
	classes = {
	};
	objectVersion = 51;
	objects = {

/* Begin PBXBuildFile section */
		1B63D463242EEEE100FCD39E /* GoogleService-Info.plist in Resources */ = {isa = PBXBuildFile; fileRef = 1B63D462242EEEE100FCD39E /* GoogleService-Info.plist */; };
		1B6D9556242F9BA00092B446 /* FUser.swift in Sources */ = {isa = PBXBuildFile; fileRef = 1BD0E27B2423F2FE00DD2B5D /* FUser.swift */; };
		1B6D95582430EBCB0092B446 /* HelperFunctions.swift in Sources */ = {isa = PBXBuildFile; fileRef = 1B6D95572430EBCB0092B446 /* HelperFunctions.swift */; };
		1B6D955A243135DF0092B446 /* AlertService.swift in Sources */ = {isa = PBXBuildFile; fileRef = 1B6D9559243135DF0092B446 /* AlertService.swift */; };
		1B6D955C243177390092B446 /* BlockedUsersViewController.swift in Sources */ = {isa = PBXBuildFile; fileRef = 1B6D955B243177390092B446 /* BlockedUsersViewController.swift */; };
		1B6D955E2431833C0092B446 /* TCViewController.swift in Sources */ = {isa = PBXBuildFile; fileRef = 1B6D955D2431833C0092B446 /* TCViewController.swift */; };
		1B6D956024318B2B0092B446 /* EditProfileTableViewController.swift in Sources */ = {isa = PBXBuildFile; fileRef = 1B6D955F24318B2B0092B446 /* EditProfileTableViewController.swift */; };
		1B6D956324319AED0092B446 /* ContactsTableViewController.swift in Sources */ = {isa = PBXBuildFile; fileRef = 1B6D956224319AED0092B446 /* ContactsTableViewController.swift */; };
		1B6D95852432E8FF0092B446 /* InitialOptionsViewController.swift in Sources */ = {isa = PBXBuildFile; fileRef = 1B6D95842432E8FF0092B446 /* InitialOptionsViewController.swift */; };
		1B6D959D24339F330092B446 /* GroupMemberCollectionViewCell.swift in Sources */ = {isa = PBXBuildFile; fileRef = 1B6D959C24339F330092B446 /* GroupMemberCollectionViewCell.swift */; };
		1B6D959F2433A0D30092B446 /* NewGroupViewController.swift in Sources */ = {isa = PBXBuildFile; fileRef = 1B6D959E2433A0D30092B446 /* NewGroupViewController.swift */; };
		1B6D95A32433B60E0092B446 /* Group.swift in Sources */ = {isa = PBXBuildFile; fileRef = 1B6D95A22433B60E0092B446 /* Group.swift */; };
		1B6D95AD243460BF0092B446 /* GroupViewController.swift in Sources */ = {isa = PBXBuildFile; fileRef = 1B6D95AC243460BF0092B446 /* GroupViewController.swift */; };
		1B6D95AF24350F970092B446 /* InviteUserTableViewController.swift in Sources */ = {isa = PBXBuildFile; fileRef = 1B6D95AE24350F970092B446 /* InviteUserTableViewController.swift */; };
		1B6D95B1243794B60092B446 /* ColorPickerViewController.swift in Sources */ = {isa = PBXBuildFile; fileRef = 1B6D95B0243794B60092B446 /* ColorPickerViewController.swift */; };
		1B9FBA55242E585300AA6690 /* PicturesCollectionViewController.swift in Sources */ = {isa = PBXBuildFile; fileRef = 1B9FBA54242E585300AA6690 /* PicturesCollectionViewController.swift */; };
		1B9FBA57242E589E00AA6690 /* PicturesCollectionViewCell.swift in Sources */ = {isa = PBXBuildFile; fileRef = 1B9FBA56242E589E00AA6690 /* PicturesCollectionViewCell.swift */; };
		1BB532F0242C3D1F005BB386 /* MapViewController.swift in Sources */ = {isa = PBXBuildFile; fileRef = 1BB532EF242C3D1F005BB386 /* MapViewController.swift */; };
		1BD0E2452423DB6000DD2B5D /* AppDelegate.swift in Sources */ = {isa = PBXBuildFile; fileRef = 1BD0E2442423DB6000DD2B5D /* AppDelegate.swift */; };
		1BD0E2472423DB6000DD2B5D /* SceneDelegate.swift in Sources */ = {isa = PBXBuildFile; fileRef = 1BD0E2462423DB6000DD2B5D /* SceneDelegate.swift */; };
		1BD0E24C2423DB6000DD2B5D /* Main.storyboard in Resources */ = {isa = PBXBuildFile; fileRef = 1BD0E24A2423DB6000DD2B5D /* Main.storyboard */; };
		1BD0E24E2423DB6100DD2B5D /* Assets.xcassets in Resources */ = {isa = PBXBuildFile; fileRef = 1BD0E24D2423DB6100DD2B5D /* Assets.xcassets */; };
		1BD0E2512423DB6100DD2B5D /* LaunchScreen.storyboard in Resources */ = {isa = PBXBuildFile; fileRef = 1BD0E24F2423DB6100DD2B5D /* LaunchScreen.storyboard */; };
		1BD0E25B2423DE7F00DD2B5D /* WelcomeViewController.swift in Sources */ = {isa = PBXBuildFile; fileRef = 1BD0E25A2423DE7F00DD2B5D /* WelcomeViewController.swift */; };
		1BD0E2792423F2D200DD2B5D /* FinishRegistrationViewController.swift in Sources */ = {isa = PBXBuildFile; fileRef = 1BD0E2782423F2D200DD2B5D /* FinishRegistrationViewController.swift */; };
		1BD0E28224241D3500DD2B5D /* SettingsTableViewController.swift in Sources */ = {isa = PBXBuildFile; fileRef = 1BD0E28124241D3500DD2B5D /* SettingsTableViewController.swift */; };
		1BD0E284242425B600DD2B5D /* UserTableViewCell.swift in Sources */ = {isa = PBXBuildFile; fileRef = 1BD0E283242425B600DD2B5D /* UserTableViewCell.swift */; };
		1BD0E2892424287200DD2B5D /* UsersTableViewController.swift in Sources */ = {isa = PBXBuildFile; fileRef = 1BD0E2882424287200DD2B5D /* UsersTableViewController.swift */; };
		1BD0E28B2424342C00DD2B5D /* ChatsViewController.swift in Sources */ = {isa = PBXBuildFile; fileRef = 1BD0E28A2424342C00DD2B5D /* ChatsViewController.swift */; };
		1BD0E28D2424613600DD2B5D /* ProfileViewTableViewController.swift in Sources */ = {isa = PBXBuildFile; fileRef = 1BD0E28C2424613600DD2B5D /* ProfileViewTableViewController.swift */; };
		1BD0E29124246DD600DD2B5D /* FCollectionReference.swift in Sources */ = {isa = PBXBuildFile; fileRef = 1BD0E29024246DD600DD2B5D /* FCollectionReference.swift */; };
		1BD0E29C24246E3A00DD2B5D /* Camera.swift in Sources */ = {isa = PBXBuildFile; fileRef = 1BD0E29B24246E3A00DD2B5D /* Camera.swift */; };
		1BD0E29E24246E3A00DD2B5D /* CountryCode.swift in Sources */ = {isa = PBXBuildFile; fileRef = 1BD0E29524246E3800DD2B5D /* CountryCode.swift */; };
		1BD0E2A024246E3A00DD2B5D /* Downloade.swift in Sources */ = {isa = PBXBuildFile; fileRef = 1BD0E29824246E3900DD2B5D /* Downloade.swift */; };
		1BD0E2A124246E3A00DD2B5D /* Constants.swift in Sources */ = {isa = PBXBuildFile; fileRef = 1BD0E29724246E3900DD2B5D /* Constants.swift */; };
		1BD0E2A224246E3A00DD2B5D /* AudioViewController.swift in Sources */ = {isa = PBXBuildFile; fileRef = 1BD0E29624246E3900DD2B5D /* AudioViewController.swift */; };
		1BD0E2B0242502E400DD2B5D /* Recent.swift in Sources */ = {isa = PBXBuildFile; fileRef = 1BD0E2AF242502E400DD2B5D /* Recent.swift */; };
		1BD0E2B42428E64700DD2B5D /* RecentChatTableViewCell.swift in Sources */ = {isa = PBXBuildFile; fileRef = 1BD0E2B32428E64700DD2B5D /* RecentChatTableViewCell.swift */; };
		1BD0E2B624290B3000DD2B5D /* ChatViewController.swift in Sources */ = {isa = PBXBuildFile; fileRef = 1BD0E2B524290B3000DD2B5D /* ChatViewController.swift */; };
		1BD0E2BA2429315100DD2B5D /* OutgoingMessages.swift in Sources */ = {isa = PBXBuildFile; fileRef = 1BD0E2B92429315100DD2B5D /* OutgoingMessages.swift */; };
		1BD0E2BC24293B0300DD2B5D /* IncomingMessages.swift in Sources */ = {isa = PBXBuildFile; fileRef = 1BD0E2BB24293B0300DD2B5D /* IncomingMessages.swift */; };
		1BD0E2C0242BB05F00DD2B5D /* PhotoMediaItem.swift in Sources */ = {isa = PBXBuildFile; fileRef = 1BD0E2BF242BB05F00DD2B5D /* PhotoMediaItem.swift */; };
		1BD0E2C2242BE47200DD2B5D /* VideoMessage.swift in Sources */ = {isa = PBXBuildFile; fileRef = 1BD0E2C1242BE47200DD2B5D /* VideoMessage.swift */; };
		6C733BDD518671F73FD2146B /* Pods_monTalk.framework in Frameworks */ = {isa = PBXBuildFile; fileRef = C3A69206F692BC72EFEDAD8D /* Pods_monTalk.framework */; };
/* End PBXBuildFile section */

/* Begin PBXFileReference section */
		0A58D331C4F7DAC6B0247CF8 /* Pods-chatApp.debug.xcconfig */ = {isa = PBXFileReference; includeInIndex = 1; lastKnownFileType = text.xcconfig; name = "Pods-chatApp.debug.xcconfig"; path = "Target Support Files/Pods-chatApp/Pods-chatApp.debug.xcconfig"; sourceTree = "<group>"; };
		0CBAB53BEFE05BA72137FEA0 /* Pods-monTalk.release.xcconfig */ = {isa = PBXFileReference; includeInIndex = 1; lastKnownFileType = text.xcconfig; name = "Pods-monTalk.release.xcconfig"; path = "Target Support Files/Pods-monTalk/Pods-monTalk.release.xcconfig"; sourceTree = "<group>"; };
		1B63D462242EEEE100FCD39E /* GoogleService-Info.plist */ = {isa = PBXFileReference; fileEncoding = 4; lastKnownFileType = text.plist.xml; path = "GoogleService-Info.plist"; sourceTree = "<group>"; };
		1B6D95572430EBCB0092B446 /* HelperFunctions.swift */ = {isa = PBXFileReference; lastKnownFileType = sourcecode.swift; path = HelperFunctions.swift; sourceTree = "<group>"; };
		1B6D9559243135DF0092B446 /* AlertService.swift */ = {isa = PBXFileReference; lastKnownFileType = sourcecode.swift; path = AlertService.swift; sourceTree = "<group>"; };
		1B6D955B243177390092B446 /* BlockedUsersViewController.swift */ = {isa = PBXFileReference; lastKnownFileType = sourcecode.swift; path = BlockedUsersViewController.swift; sourceTree = "<group>"; };
		1B6D955D2431833C0092B446 /* TCViewController.swift */ = {isa = PBXFileReference; lastKnownFileType = sourcecode.swift; path = TCViewController.swift; sourceTree = "<group>"; };
		1B6D955F24318B2B0092B446 /* EditProfileTableViewController.swift */ = {isa = PBXFileReference; lastKnownFileType = sourcecode.swift; path = EditProfileTableViewController.swift; sourceTree = "<group>"; };
		1B6D956224319AED0092B446 /* ContactsTableViewController.swift */ = {isa = PBXFileReference; lastKnownFileType = sourcecode.swift; path = ContactsTableViewController.swift; sourceTree = "<group>"; };
		1B6D95842432E8FF0092B446 /* InitialOptionsViewController.swift */ = {isa = PBXFileReference; lastKnownFileType = sourcecode.swift; path = InitialOptionsViewController.swift; sourceTree = "<group>"; };
		1B6D959C24339F330092B446 /* GroupMemberCollectionViewCell.swift */ = {isa = PBXFileReference; lastKnownFileType = sourcecode.swift; path = GroupMemberCollectionViewCell.swift; sourceTree = "<group>"; };
		1B6D959E2433A0D30092B446 /* NewGroupViewController.swift */ = {isa = PBXFileReference; lastKnownFileType = sourcecode.swift; path = NewGroupViewController.swift; sourceTree = "<group>"; };
		1B6D95A22433B60E0092B446 /* Group.swift */ = {isa = PBXFileReference; lastKnownFileType = sourcecode.swift; path = Group.swift; sourceTree = "<group>"; };
		1B6D95AC243460BF0092B446 /* GroupViewController.swift */ = {isa = PBXFileReference; lastKnownFileType = sourcecode.swift; path = GroupViewController.swift; sourceTree = "<group>"; };
		1B6D95AE24350F970092B446 /* InviteUserTableViewController.swift */ = {isa = PBXFileReference; lastKnownFileType = sourcecode.swift; path = InviteUserTableViewController.swift; sourceTree = "<group>"; };
		1B6D95B0243794B60092B446 /* ColorPickerViewController.swift */ = {isa = PBXFileReference; lastKnownFileType = sourcecode.swift; path = ColorPickerViewController.swift; sourceTree = "<group>"; };
		1B9FBA54242E585300AA6690 /* PicturesCollectionViewController.swift */ = {isa = PBXFileReference; lastKnownFileType = sourcecode.swift; path = PicturesCollectionViewController.swift; sourceTree = "<group>"; };
		1B9FBA56242E589E00AA6690 /* PicturesCollectionViewCell.swift */ = {isa = PBXFileReference; lastKnownFileType = sourcecode.swift; path = PicturesCollectionViewCell.swift; sourceTree = "<group>"; };
		1BB532EF242C3D1F005BB386 /* MapViewController.swift */ = {isa = PBXFileReference; lastKnownFileType = sourcecode.swift; path = MapViewController.swift; sourceTree = "<group>"; };
		1BD0E2412423DB6000DD2B5D /* monTalk.app */ = {isa = PBXFileReference; explicitFileType = wrapper.application; includeInIndex = 0; path = monTalk.app; sourceTree = BUILT_PRODUCTS_DIR; };
		1BD0E2442423DB6000DD2B5D /* AppDelegate.swift */ = {isa = PBXFileReference; lastKnownFileType = sourcecode.swift; path = AppDelegate.swift; sourceTree = "<group>"; };
		1BD0E2462423DB6000DD2B5D /* SceneDelegate.swift */ = {isa = PBXFileReference; lastKnownFileType = sourcecode.swift; path = SceneDelegate.swift; sourceTree = "<group>"; };
		1BD0E24B2423DB6000DD2B5D /* Base */ = {isa = PBXFileReference; lastKnownFileType = file.storyboard; name = Base; path = Base.lproj/Main.storyboard; sourceTree = "<group>"; };
		1BD0E24D2423DB6100DD2B5D /* Assets.xcassets */ = {isa = PBXFileReference; lastKnownFileType = folder.assetcatalog; path = Assets.xcassets; sourceTree = "<group>"; };
		1BD0E2502423DB6100DD2B5D /* Base */ = {isa = PBXFileReference; lastKnownFileType = file.storyboard; name = Base; path = Base.lproj/LaunchScreen.storyboard; sourceTree = "<group>"; };
		1BD0E2522423DB6100DD2B5D /* Info.plist */ = {isa = PBXFileReference; lastKnownFileType = text.plist.xml; path = Info.plist; sourceTree = "<group>"; };
		1BD0E25A2423DE7F00DD2B5D /* WelcomeViewController.swift */ = {isa = PBXFileReference; lastKnownFileType = sourcecode.swift; path = WelcomeViewController.swift; sourceTree = "<group>"; };
		1BD0E2782423F2D200DD2B5D /* FinishRegistrationViewController.swift */ = {isa = PBXFileReference; lastKnownFileType = sourcecode.swift; path = FinishRegistrationViewController.swift; sourceTree = "<group>"; };
		1BD0E27B2423F2FE00DD2B5D /* FUser.swift */ = {isa = PBXFileReference; lastKnownFileType = sourcecode.swift; path = FUser.swift; sourceTree = "<group>"; };
		1BD0E28124241D3500DD2B5D /* SettingsTableViewController.swift */ = {isa = PBXFileReference; lastKnownFileType = sourcecode.swift; path = SettingsTableViewController.swift; sourceTree = "<group>"; };
		1BD0E283242425B600DD2B5D /* UserTableViewCell.swift */ = {isa = PBXFileReference; lastKnownFileType = sourcecode.swift; path = UserTableViewCell.swift; sourceTree = "<group>"; };
		1BD0E2882424287200DD2B5D /* UsersTableViewController.swift */ = {isa = PBXFileReference; lastKnownFileType = sourcecode.swift; path = UsersTableViewController.swift; sourceTree = "<group>"; };
		1BD0E28A2424342C00DD2B5D /* ChatsViewController.swift */ = {isa = PBXFileReference; lastKnownFileType = sourcecode.swift; path = ChatsViewController.swift; sourceTree = "<group>"; };
		1BD0E28C2424613600DD2B5D /* ProfileViewTableViewController.swift */ = {isa = PBXFileReference; lastKnownFileType = sourcecode.swift; path = ProfileViewTableViewController.swift; sourceTree = "<group>"; };
		1BD0E29024246DD600DD2B5D /* FCollectionReference.swift */ = {isa = PBXFileReference; lastKnownFileType = sourcecode.swift; path = FCollectionReference.swift; sourceTree = "<group>"; };
		1BD0E29524246E3800DD2B5D /* CountryCode.swift */ = {isa = PBXFileReference; lastKnownFileType = sourcecode.swift; path = CountryCode.swift; sourceTree = "<group>"; };
		1BD0E29624246E3900DD2B5D /* AudioViewController.swift */ = {isa = PBXFileReference; lastKnownFileType = sourcecode.swift; path = AudioViewController.swift; sourceTree = "<group>"; };
		1BD0E29724246E3900DD2B5D /* Constants.swift */ = {isa = PBXFileReference; lastKnownFileType = sourcecode.swift; name = Constants.swift; path = "../../../../../Downloads/ChatAssets 2/READY CODE/Constants.swift"; sourceTree = "<group>"; };
		1BD0E29824246E3900DD2B5D /* Downloade.swift */ = {isa = PBXFileReference; lastKnownFileType = sourcecode.swift; path = Downloade.swift; sourceTree = "<group>"; };
		1BD0E29B24246E3A00DD2B5D /* Camera.swift */ = {isa = PBXFileReference; lastKnownFileType = sourcecode.swift; path = Camera.swift; sourceTree = "<group>"; };
		1BD0E2AF242502E400DD2B5D /* Recent.swift */ = {isa = PBXFileReference; lastKnownFileType = sourcecode.swift; path = Recent.swift; sourceTree = "<group>"; };
		1BD0E2B32428E64700DD2B5D /* RecentChatTableViewCell.swift */ = {isa = PBXFileReference; lastKnownFileType = sourcecode.swift; path = RecentChatTableViewCell.swift; sourceTree = "<group>"; };
		1BD0E2B524290B3000DD2B5D /* ChatViewController.swift */ = {isa = PBXFileReference; lastKnownFileType = sourcecode.swift; path = ChatViewController.swift; sourceTree = "<group>"; };
		1BD0E2B92429315100DD2B5D /* OutgoingMessages.swift */ = {isa = PBXFileReference; lastKnownFileType = sourcecode.swift; path = OutgoingMessages.swift; sourceTree = "<group>"; };
		1BD0E2BB24293B0300DD2B5D /* IncomingMessages.swift */ = {isa = PBXFileReference; lastKnownFileType = sourcecode.swift; path = IncomingMessages.swift; sourceTree = "<group>"; };
		1BD0E2BF242BB05F00DD2B5D /* PhotoMediaItem.swift */ = {isa = PBXFileReference; lastKnownFileType = sourcecode.swift; path = PhotoMediaItem.swift; sourceTree = "<group>"; };
		1BD0E2C1242BE47200DD2B5D /* VideoMessage.swift */ = {isa = PBXFileReference; lastKnownFileType = sourcecode.swift; path = VideoMessage.swift; sourceTree = "<group>"; };
		1C4B4BFBFDBA740F9AA0E0DC /* Pods-chatApp.release.xcconfig */ = {isa = PBXFileReference; includeInIndex = 1; lastKnownFileType = text.xcconfig; name = "Pods-chatApp.release.xcconfig"; path = "Target Support Files/Pods-chatApp/Pods-chatApp.release.xcconfig"; sourceTree = "<group>"; };
		28D5A97CB676E9A129576B00 /* Pods-monTalk.debug.xcconfig */ = {isa = PBXFileReference; includeInIndex = 1; lastKnownFileType = text.xcconfig; name = "Pods-monTalk.debug.xcconfig"; path = "Target Support Files/Pods-monTalk/Pods-monTalk.debug.xcconfig"; sourceTree = "<group>"; };
		C3A69206F692BC72EFEDAD8D /* Pods_monTalk.framework */ = {isa = PBXFileReference; explicitFileType = wrapper.framework; includeInIndex = 0; path = Pods_monTalk.framework; sourceTree = BUILT_PRODUCTS_DIR; };
/* End PBXFileReference section */

/* Begin PBXFrameworksBuildPhase section */
		1BD0E23E2423DB6000DD2B5D /* Frameworks */ = {
			isa = PBXFrameworksBuildPhase;
			buildActionMask = 2147483647;
			files = (
				6C733BDD518671F73FD2146B /* Pods_monTalk.framework in Frameworks */,
			);
			runOnlyForDeploymentPostprocessing = 0;
		};
/* End PBXFrameworksBuildPhase section */

/* Begin PBXGroup section */
		1B6D956124319ACB0092B446 /* Settings */ = {
			isa = PBXGroup;
			children = (
				1B6D955D2431833C0092B446 /* TCViewController.swift */,
				1B6D955B243177390092B446 /* BlockedUsersViewController.swift */,
				1B6D955F24318B2B0092B446 /* EditProfileTableViewController.swift */,
			);
			path = Settings;
			sourceTree = "<group>";
		};
		1BD0E2382423DB6000DD2B5D = {
			isa = PBXGroup;
			children = (
				1BD0E2432423DB6000DD2B5D /* chatApp */,
				1BD0E2422423DB6000DD2B5D /* Products */,
				91FEF5AFB4676C3FDE08CBFB /* Pods */,
				27496C03A51F44CE57405B80 /* Frameworks */,
			);
			sourceTree = "<group>";
		};
		1BD0E2422423DB6000DD2B5D /* Products */ = {
			isa = PBXGroup;
			children = (
				1BD0E2412423DB6000DD2B5D /* monTalk.app */,
			);
			name = Products;
			sourceTree = "<group>";
		};
		1BD0E2432423DB6000DD2B5D /* chatApp */ = {
			isa = PBXGroup;
			children = (
				1BD0E2442423DB6000DD2B5D /* AppDelegate.swift */,
				1BD0E2462423DB6000DD2B5D /* SceneDelegate.swift */,
				1BD0E29324246E0E00DD2B5D /* MainViews */,
				1BD0E29424246E1E00DD2B5D /* SecondaryViews */,
				1BD0E29224246DE700DD2B5D /* WelcomeViews */,
				1BD0E2852424281800DD2B5D /* CustomCells */,
				1BD0E27E2423F32400DD2B5D /* Classes */,
				1BD0E27A2423F2FD00DD2B5D /* Helpers */,
				1BD0E24A2423DB6000DD2B5D /* Main.storyboard */,
				1BD0E24D2423DB6100DD2B5D /* Assets.xcassets */,
				1BD0E24F2423DB6100DD2B5D /* LaunchScreen.storyboard */,
				1BD0E2522423DB6100DD2B5D /* Info.plist */,
				1B63D462242EEEE100FCD39E /* GoogleService-Info.plist */,
			);
			path = chatApp;
			sourceTree = "<group>";
		};
		1BD0E27A2423F2FD00DD2B5D /* Helpers */ = {
			isa = PBXGroup;
			children = (
				1BD0E29624246E3900DD2B5D /* AudioViewController.swift */,
				1BD0E29B24246E3A00DD2B5D /* Camera.swift */,
				1BD0E29524246E3800DD2B5D /* CountryCode.swift */,
				1B6D95572430EBCB0092B446 /* HelperFunctions.swift */,
				1BD0E29724246E3900DD2B5D /* Constants.swift */,
				1BD0E29824246E3900DD2B5D /* Downloade.swift */,
				1BD0E29024246DD600DD2B5D /* FCollectionReference.swift */,
			);
			path = Helpers;
			sourceTree = "<group>";
		};
		1BD0E27E2423F32400DD2B5D /* Classes */ = {
			isa = PBXGroup;
			children = (
				1BD0E27B2423F2FE00DD2B5D /* FUser.swift */,
				1BD0E2B92429315100DD2B5D /* OutgoingMessages.swift */,
				1B6D95A22433B60E0092B446 /* Group.swift */,
				1B6D9559243135DF0092B446 /* AlertService.swift */,
				1BD0E2BB24293B0300DD2B5D /* IncomingMessages.swift */,
				1BD0E2BF242BB05F00DD2B5D /* PhotoMediaItem.swift */,
				1BD0E2C1242BE47200DD2B5D /* VideoMessage.swift */,
				1BD0E2AF242502E400DD2B5D /* Recent.swift */,
			);
			path = Classes;
			sourceTree = "<group>";
		};
		1BD0E2852424281800DD2B5D /* CustomCells */ = {
			isa = PBXGroup;
			children = (
				1BD0E283242425B600DD2B5D /* UserTableViewCell.swift */,
				1B9FBA56242E589E00AA6690 /* PicturesCollectionViewCell.swift */,
				1B6D959C24339F330092B446 /* GroupMemberCollectionViewCell.swift */,
				1BD0E2B32428E64700DD2B5D /* RecentChatTableViewCell.swift */,
			);
			path = CustomCells;
			sourceTree = "<group>";
		};
		1BD0E29224246DE700DD2B5D /* WelcomeViews */ = {
			isa = PBXGroup;
			children = (
				1BD0E25A2423DE7F00DD2B5D /* WelcomeViewController.swift */,
				1BD0E2782423F2D200DD2B5D /* FinishRegistrationViewController.swift */,
				1B6D95842432E8FF0092B446 /* InitialOptionsViewController.swift */,
			);
			path = WelcomeViews;
			sourceTree = "<group>";
		};
		1BD0E29324246E0E00DD2B5D /* MainViews */ = {
			isa = PBXGroup;
			children = (
				1BD0E28124241D3500DD2B5D /* SettingsTableViewController.swift */,
				1BD0E28A2424342C00DD2B5D /* ChatsViewController.swift */,
			);
			path = MainViews;
			sourceTree = "<group>";
		};
		1BD0E29424246E1E00DD2B5D /* SecondaryViews */ = {
			isa = PBXGroup;
			children = (
				1BD0E2882424287200DD2B5D /* UsersTableViewController.swift */,
				1BD0E28C2424613600DD2B5D /* ProfileViewTableViewController.swift */,
				1BB532EF242C3D1F005BB386 /* MapViewController.swift */,
				1B9FBA54242E585300AA6690 /* PicturesCollectionViewController.swift */,
				1B6D956224319AED0092B446 /* ContactsTableViewController.swift */,
				1B6D959E2433A0D30092B446 /* NewGroupViewController.swift */,
				1B6D95AC243460BF0092B446 /* GroupViewController.swift */,
				1B6D95AE24350F970092B446 /* InviteUserTableViewController.swift */,
				1BD0E2B524290B3000DD2B5D /* ChatViewController.swift */,
				1B6D95B0243794B60092B446 /* ColorPickerViewController.swift */,
				1B6D956124319ACB0092B446 /* Settings */,
			);
			path = SecondaryViews;
			sourceTree = "<group>";
		};
		27496C03A51F44CE57405B80 /* Frameworks */ = {
			isa = PBXGroup;
			children = (
				C3A69206F692BC72EFEDAD8D /* Pods_monTalk.framework */,
			);
			name = Frameworks;
			sourceTree = "<group>";
		};
		91FEF5AFB4676C3FDE08CBFB /* Pods */ = {
			isa = PBXGroup;
			children = (
				0A58D331C4F7DAC6B0247CF8 /* Pods-chatApp.debug.xcconfig */,
				1C4B4BFBFDBA740F9AA0E0DC /* Pods-chatApp.release.xcconfig */,
				28D5A97CB676E9A129576B00 /* Pods-monTalk.debug.xcconfig */,
				0CBAB53BEFE05BA72137FEA0 /* Pods-monTalk.release.xcconfig */,
			);
			path = Pods;
			sourceTree = "<group>";
		};
/* End PBXGroup section */

/* Begin PBXNativeTarget section */
		1BD0E2402423DB6000DD2B5D /* monTalk */ = {
			isa = PBXNativeTarget;
			buildConfigurationList = 1BD0E2552423DB6100DD2B5D /* Build configuration list for PBXNativeTarget "monTalk" */;
			buildPhases = (
				678B559EE68E205FC0AAB8F4 /* [CP] Check Pods Manifest.lock */,
				1BD0E23D2423DB6000DD2B5D /* Sources */,
				1BD0E23E2423DB6000DD2B5D /* Frameworks */,
				1BD0E23F2423DB6000DD2B5D /* Resources */,
				F6030AE8228C7D91A44F6B77 /* [CP] Embed Pods Frameworks */,
			);
			buildRules = (
			);
			dependencies = (
			);
			name = monTalk;
			productName = chatApp;
			productReference = 1BD0E2412423DB6000DD2B5D /* monTalk.app */;
			productType = "com.apple.product-type.application";
		};
/* End PBXNativeTarget section */

/* Begin PBXProject section */
		1BD0E2392423DB6000DD2B5D /* Project object */ = {
			isa = PBXProject;
			attributes = {
				LastSwiftUpdateCheck = 1130;
				LastUpgradeCheck = 1130;
				ORGANIZATIONNAME = "michael montalbano";
				TargetAttributes = {
					1BD0E2402423DB6000DD2B5D = {
						CreatedOnToolsVersion = 11.3.1;
					};
				};
			};
			buildConfigurationList = 1BD0E23C2423DB6000DD2B5D /* Build configuration list for PBXProject "monTalk" */;
			compatibilityVersion = "Xcode 9.3";
			developmentRegion = en;
			hasScannedForEncodings = 0;
			knownRegions = (
				en,
				Base,
			);
			mainGroup = 1BD0E2382423DB6000DD2B5D;
			productRefGroup = 1BD0E2422423DB6000DD2B5D /* Products */;
			projectDirPath = "";
			projectRoot = "";
			targets = (
				1BD0E2402423DB6000DD2B5D /* monTalk */,
			);
		};
/* End PBXProject section */

/* Begin PBXResourcesBuildPhase section */
		1BD0E23F2423DB6000DD2B5D /* Resources */ = {
			isa = PBXResourcesBuildPhase;
			buildActionMask = 2147483647;
			files = (
				1BD0E2512423DB6100DD2B5D /* LaunchScreen.storyboard in Resources */,
				1B63D463242EEEE100FCD39E /* GoogleService-Info.plist in Resources */,
				1BD0E24E2423DB6100DD2B5D /* Assets.xcassets in Resources */,
				1BD0E24C2423DB6000DD2B5D /* Main.storyboard in Resources */,
			);
			runOnlyForDeploymentPostprocessing = 0;
		};
/* End PBXResourcesBuildPhase section */

/* Begin PBXShellScriptBuildPhase section */
		678B559EE68E205FC0AAB8F4 /* [CP] Check Pods Manifest.lock */ = {
			isa = PBXShellScriptBuildPhase;
			buildActionMask = 2147483647;
			files = (
			);
			inputFileListPaths = (
			);
			inputPaths = (
				"${PODS_PODFILE_DIR_PATH}/Podfile.lock",
				"${PODS_ROOT}/Manifest.lock",
			);
			name = "[CP] Check Pods Manifest.lock";
			outputFileListPaths = (
			);
			outputPaths = (
				"$(DERIVED_FILE_DIR)/Pods-monTalk-checkManifestLockResult.txt",
			);
			runOnlyForDeploymentPostprocessing = 0;
			shellPath = /bin/sh;
			shellScript = "diff \"${PODS_PODFILE_DIR_PATH}/Podfile.lock\" \"${PODS_ROOT}/Manifest.lock\" > /dev/null\nif [ $? != 0 ] ; then\n    # print error to STDERR\n    echo \"error: The sandbox is not in sync with the Podfile.lock. Run 'pod install' or update your CocoaPods installation.\" >&2\n    exit 1\nfi\n# This output is used by Xcode 'outputs' to avoid re-running this script phase.\necho \"SUCCESS\" > \"${SCRIPT_OUTPUT_FILE_0}\"\n";
			showEnvVarsInLog = 0;
		};
		F6030AE8228C7D91A44F6B77 /* [CP] Embed Pods Frameworks */ = {
			isa = PBXShellScriptBuildPhase;
			buildActionMask = 2147483647;
			files = (
			);
			inputFileListPaths = (
				"${PODS_ROOT}/Target Support Files/Pods-monTalk/Pods-monTalk-frameworks-${CONFIGURATION}-input-files.xcfilelist",
			);
			name = "[CP] Embed Pods Frameworks";
			outputFileListPaths = (
				"${PODS_ROOT}/Target Support Files/Pods-monTalk/Pods-monTalk-frameworks-${CONFIGURATION}-output-files.xcfilelist",
			);
			runOnlyForDeploymentPostprocessing = 0;
			shellPath = /bin/sh;
			shellScript = "\"${PODS_ROOT}/Target Support Files/Pods-monTalk/Pods-monTalk-frameworks.sh\"\n";
			showEnvVarsInLog = 0;
		};
/* End PBXShellScriptBuildPhase section */

/* Begin PBXSourcesBuildPhase section */
		1BD0E23D2423DB6000DD2B5D /* Sources */ = {
			isa = PBXSourcesBuildPhase;
			buildActionMask = 2147483647;
			files = (
				1BD0E2C0242BB05F00DD2B5D /* PhotoMediaItem.swift in Sources */,
				1B6D95852432E8FF0092B446 /* InitialOptionsViewController.swift in Sources */,
				1BD0E2C2242BE47200DD2B5D /* VideoMessage.swift in Sources */,
				1B6D95AF24350F970092B446 /* InviteUserTableViewController.swift in Sources */,
				1B6D955A243135DF0092B446 /* AlertService.swift in Sources */,
				1BD0E29E24246E3A00DD2B5D /* CountryCode.swift in Sources */,
				1B6D9556242F9BA00092B446 /* FUser.swift in Sources */,
				1BD0E2792423F2D200DD2B5D /* FinishRegistrationViewController.swift in Sources */,
				1B6D956324319AED0092B446 /* ContactsTableViewController.swift in Sources */,
				1BD0E2A024246E3A00DD2B5D /* Downloade.swift in Sources */,
				1BD0E2BC24293B0300DD2B5D /* IncomingMessages.swift in Sources */,
				1BD0E2A224246E3A00DD2B5D /* AudioViewController.swift in Sources */,
				1BB532F0242C3D1F005BB386 /* MapViewController.swift in Sources */,
				1BD0E2B42428E64700DD2B5D /* RecentChatTableViewCell.swift in Sources */,
				1B6D956024318B2B0092B446 /* EditProfileTableViewController.swift in Sources */,
				1BD0E29124246DD600DD2B5D /* FCollectionReference.swift in Sources */,
				1B6D959F2433A0D30092B446 /* NewGroupViewController.swift in Sources */,
				1BD0E25B2423DE7F00DD2B5D /* WelcomeViewController.swift in Sources */,
				1BD0E2A124246E3A00DD2B5D /* Constants.swift in Sources */,
				1BD0E28D2424613600DD2B5D /* ProfileViewTableViewController.swift in Sources */,
				1B6D959D24339F330092B446 /* GroupMemberCollectionViewCell.swift in Sources */,
				1B6D955E2431833C0092B446 /* TCViewController.swift in Sources */,
				1BD0E29C24246E3A00DD2B5D /* Camera.swift in Sources */,
				1BD0E2892424287200DD2B5D /* UsersTableViewController.swift in Sources */,
				1B6D95AD243460BF0092B446 /* GroupViewController.swift in Sources */,
				1BD0E2452423DB6000DD2B5D /* AppDelegate.swift in Sources */,
				1B6D95B1243794B60092B446 /* ColorPickerViewController.swift in Sources */,
				1BD0E284242425B600DD2B5D /* UserTableViewCell.swift in Sources */,
				1BD0E2472423DB6000DD2B5D /* SceneDelegate.swift in Sources */,
				1BD0E28224241D3500DD2B5D /* SettingsTableViewController.swift in Sources */,
				1B6D95A32433B60E0092B446 /* Group.swift in Sources */,
				1B6D955C243177390092B446 /* BlockedUsersViewController.swift in Sources */,
				1BD0E28B2424342C00DD2B5D /* ChatsViewController.swift in Sources */,
				1B9FBA55242E585300AA6690 /* PicturesCollectionViewController.swift in Sources */,
				1BD0E2B0242502E400DD2B5D /* Recent.swift in Sources */,
				1BD0E2BA2429315100DD2B5D /* OutgoingMessages.swift in Sources */,
				1BD0E2B624290B3000DD2B5D /* ChatViewController.swift in Sources */,
				1B9FBA57242E589E00AA6690 /* PicturesCollectionViewCell.swift in Sources */,
				1B6D95582430EBCB0092B446 /* HelperFunctions.swift in Sources */,
			);
			runOnlyForDeploymentPostprocessing = 0;
		};
/* End PBXSourcesBuildPhase section */

/* Begin PBXVariantGroup section */
		1BD0E24A2423DB6000DD2B5D /* Main.storyboard */ = {
			isa = PBXVariantGroup;
			children = (
				1BD0E24B2423DB6000DD2B5D /* Base */,
			);
			name = Main.storyboard;
			sourceTree = "<group>";
		};
		1BD0E24F2423DB6100DD2B5D /* LaunchScreen.storyboard */ = {
			isa = PBXVariantGroup;
			children = (
				1BD0E2502423DB6100DD2B5D /* Base */,
			);
			name = LaunchScreen.storyboard;
			sourceTree = "<group>";
		};
/* End PBXVariantGroup section */

/* Begin XCBuildConfiguration section */
		1BD0E2532423DB6100DD2B5D /* Debug */ = {
			isa = XCBuildConfiguration;
			buildSettings = {
				ALWAYS_SEARCH_USER_PATHS = NO;
				CLANG_ANALYZER_NONNULL = YES;
				CLANG_ANALYZER_NUMBER_OBJECT_CONVERSION = YES_AGGRESSIVE;
				CLANG_CXX_LANGUAGE_STANDARD = "gnu++14";
				CLANG_CXX_LIBRARY = "libc++";
				CLANG_ENABLE_MODULES = YES;
				CLANG_ENABLE_OBJC_ARC = YES;
				CLANG_ENABLE_OBJC_WEAK = YES;
				CLANG_WARN_BLOCK_CAPTURE_AUTORELEASING = YES;
				CLANG_WARN_BOOL_CONVERSION = YES;
				CLANG_WARN_COMMA = YES;
				CLANG_WARN_CONSTANT_CONVERSION = YES;
				CLANG_WARN_DEPRECATED_OBJC_IMPLEMENTATIONS = YES;
				CLANG_WARN_DIRECT_OBJC_ISA_USAGE = YES_ERROR;
				CLANG_WARN_DOCUMENTATION_COMMENTS = YES;
				CLANG_WARN_EMPTY_BODY = YES;
				CLANG_WARN_ENUM_CONVERSION = YES;
				CLANG_WARN_INFINITE_RECURSION = YES;
				CLANG_WARN_INT_CONVERSION = YES;
				CLANG_WARN_NON_LITERAL_NULL_CONVERSION = YES;
				CLANG_WARN_OBJC_IMPLICIT_RETAIN_SELF = YES;
				CLANG_WARN_OBJC_LITERAL_CONVERSION = YES;
				CLANG_WARN_OBJC_ROOT_CLASS = YES_ERROR;
				CLANG_WARN_RANGE_LOOP_ANALYSIS = YES;
				CLANG_WARN_STRICT_PROTOTYPES = YES;
				CLANG_WARN_SUSPICIOUS_MOVE = YES;
				CLANG_WARN_UNGUARDED_AVAILABILITY = YES_AGGRESSIVE;
				CLANG_WARN_UNREACHABLE_CODE = YES;
				CLANG_WARN__DUPLICATE_METHOD_MATCH = YES;
				COPY_PHASE_STRIP = NO;
				DEBUG_INFORMATION_FORMAT = dwarf;
				ENABLE_STRICT_OBJC_MSGSEND = YES;
				ENABLE_TESTABILITY = YES;
				GCC_C_LANGUAGE_STANDARD = gnu11;
				GCC_DYNAMIC_NO_PIC = NO;
				GCC_NO_COMMON_BLOCKS = YES;
				GCC_OPTIMIZATION_LEVEL = 0;
				GCC_PREPROCESSOR_DEFINITIONS = (
					"DEBUG=1",
					"$(inherited)",
				);
				GCC_WARN_64_TO_32_BIT_CONVERSION = YES;
				GCC_WARN_ABOUT_RETURN_TYPE = YES_ERROR;
				GCC_WARN_UNDECLARED_SELECTOR = YES;
				GCC_WARN_UNINITIALIZED_AUTOS = YES_AGGRESSIVE;
				GCC_WARN_UNUSED_FUNCTION = YES;
				GCC_WARN_UNUSED_VARIABLE = YES;
				IPHONEOS_DEPLOYMENT_TARGET = 13.2;
				MTL_ENABLE_DEBUG_INFO = INCLUDE_SOURCE;
				MTL_FAST_MATH = YES;
				ONLY_ACTIVE_ARCH = YES;
				SDKROOT = iphoneos;
				SWIFT_ACTIVE_COMPILATION_CONDITIONS = DEBUG;
				SWIFT_OPTIMIZATION_LEVEL = "-Onone";
			};
			name = Debug;
		};
		1BD0E2542423DB6100DD2B5D /* Release */ = {
			isa = XCBuildConfiguration;
			buildSettings = {
				ALWAYS_SEARCH_USER_PATHS = NO;
				CLANG_ANALYZER_NONNULL = YES;
				CLANG_ANALYZER_NUMBER_OBJECT_CONVERSION = YES_AGGRESSIVE;
				CLANG_CXX_LANGUAGE_STANDARD = "gnu++14";
				CLANG_CXX_LIBRARY = "libc++";
				CLANG_ENABLE_MODULES = YES;
				CLANG_ENABLE_OBJC_ARC = YES;
				CLANG_ENABLE_OBJC_WEAK = YES;
				CLANG_WARN_BLOCK_CAPTURE_AUTORELEASING = YES;
				CLANG_WARN_BOOL_CONVERSION = YES;
				CLANG_WARN_COMMA = YES;
				CLANG_WARN_CONSTANT_CONVERSION = YES;
				CLANG_WARN_DEPRECATED_OBJC_IMPLEMENTATIONS = YES;
				CLANG_WARN_DIRECT_OBJC_ISA_USAGE = YES_ERROR;
				CLANG_WARN_DOCUMENTATION_COMMENTS = YES;
				CLANG_WARN_EMPTY_BODY = YES;
				CLANG_WARN_ENUM_CONVERSION = YES;
				CLANG_WARN_INFINITE_RECURSION = YES;
				CLANG_WARN_INT_CONVERSION = YES;
				CLANG_WARN_NON_LITERAL_NULL_CONVERSION = YES;
				CLANG_WARN_OBJC_IMPLICIT_RETAIN_SELF = YES;
				CLANG_WARN_OBJC_LITERAL_CONVERSION = YES;
				CLANG_WARN_OBJC_ROOT_CLASS = YES_ERROR;
				CLANG_WARN_RANGE_LOOP_ANALYSIS = YES;
				CLANG_WARN_STRICT_PROTOTYPES = YES;
				CLANG_WARN_SUSPICIOUS_MOVE = YES;
				CLANG_WARN_UNGUARDED_AVAILABILITY = YES_AGGRESSIVE;
				CLANG_WARN_UNREACHABLE_CODE = YES;
				CLANG_WARN__DUPLICATE_METHOD_MATCH = YES;
				COPY_PHASE_STRIP = NO;
				DEBUG_INFORMATION_FORMAT = "dwarf-with-dsym";
				ENABLE_NS_ASSERTIONS = NO;
				ENABLE_STRICT_OBJC_MSGSEND = YES;
				GCC_C_LANGUAGE_STANDARD = gnu11;
				GCC_NO_COMMON_BLOCKS = YES;
				GCC_WARN_64_TO_32_BIT_CONVERSION = YES;
				GCC_WARN_ABOUT_RETURN_TYPE = YES_ERROR;
				GCC_WARN_UNDECLARED_SELECTOR = YES;
				GCC_WARN_UNINITIALIZED_AUTOS = YES_AGGRESSIVE;
				GCC_WARN_UNUSED_FUNCTION = YES;
				GCC_WARN_UNUSED_VARIABLE = YES;
				IPHONEOS_DEPLOYMENT_TARGET = 13.2;
				MTL_ENABLE_DEBUG_INFO = NO;
				MTL_FAST_MATH = YES;
				SDKROOT = iphoneos;
				SWIFT_COMPILATION_MODE = wholemodule;
				SWIFT_OPTIMIZATION_LEVEL = "-O";
				VALIDATE_PRODUCT = YES;
			};
			name = Release;
		};
		1BD0E2562423DB6100DD2B5D /* Debug */ = {
			isa = XCBuildConfiguration;
			baseConfigurationReference = 28D5A97CB676E9A129576B00 /* Pods-monTalk.debug.xcconfig */;
			buildSettings = {
				ASSETCATALOG_COMPILER_APPICON_NAME = AppIcon;
				CODE_SIGN_IDENTITY = "iPhone Distribution";
				CODE_SIGN_STYLE = Manual;
				CURRENT_PROJECT_VERSION = 2;
				DEVELOPMENT_TEAM = P4SSA897CK;
				INFOPLIST_FILE = chatApp/Info.plist;
				LD_RUNPATH_SEARCH_PATHS = (
					"$(inherited)",
					"@executable_path/Frameworks",
				);
				MARKETING_VERSION = 1.02;
				PRODUCT_BUNDLE_IDENTIFIER = michaelmontalbano.chatApp2;
				PRODUCT_NAME = "$(TARGET_NAME)";
				PROVISIONING_PROFILE_SPECIFIER = monTalk3AppStore;
				SWIFT_VERSION = 5.0;
				TARGETED_DEVICE_FAMILY = 1;
			};
			name = Debug;
		};
		1BD0E2572423DB6100DD2B5D /* Release */ = {
			isa = XCBuildConfiguration;
			baseConfigurationReference = 0CBAB53BEFE05BA72137FEA0 /* Pods-monTalk.release.xcconfig */;
			buildSettings = {
				ASSETCATALOG_COMPILER_APPICON_NAME = AppIcon;
				CODE_SIGN_IDENTITY = "iPhone Distribution";
				CODE_SIGN_STYLE = Manual;
				CURRENT_PROJECT_VERSION = 2;
				DEVELOPMENT_TEAM = P4SSA897CK;
				INFOPLIST_FILE = chatApp/Info.plist;
				LD_RUNPATH_SEARCH_PATHS = (
					"$(inherited)",
					"@executable_path/Frameworks",
				);
				MARKETING_VERSION = 1.02;
				PRODUCT_BUNDLE_IDENTIFIER = michaelmontalbano.chatApp2;
				PRODUCT_NAME = "$(TARGET_NAME)";
				PROVISIONING_PROFILE_SPECIFIER = monTalk3AppStore;
				SWIFT_VERSION = 5.0;
				TARGETED_DEVICE_FAMILY = 1;
			};
			name = Release;
		};
/* End XCBuildConfiguration section */

/* Begin XCConfigurationList section */
		1BD0E23C2423DB6000DD2B5D /* Build configuration list for PBXProject "monTalk" */ = {
			isa = XCConfigurationList;
			buildConfigurations = (
				1BD0E2532423DB6100DD2B5D /* Debug */,
				1BD0E2542423DB6100DD2B5D /* Release */,
			);
			defaultConfigurationIsVisible = 0;
			defaultConfigurationName = Release;
		};
		1BD0E2552423DB6100DD2B5D /* Build configuration list for PBXNativeTarget "monTalk" */ = {
			isa = XCConfigurationList;
			buildConfigurations = (
				1BD0E2562423DB6100DD2B5D /* Debug */,
				1BD0E2572423DB6100DD2B5D /* Release */,
			);
			defaultConfigurationIsVisible = 0;
			defaultConfigurationName = Release;
		};
/* End XCConfigurationList section */
	};
	rootObject = 1BD0E2392423DB6000DD2B5D /* Project object */;
}
